# THIS IS AN AUTOGENERATED FILE. DO NOT EDIT THIS FILE DIRECTLY.
# yarn lockfile v1


"@types/jest@^23.3.10":
  version "23.3.12"
  resolved "http://registry.npm.taobao.org/@types/jest/download/@types/jest-23.3.12.tgz#7e0ced251fa94c3bc2d1023d4b84b2992fa06376"
  integrity sha1-fgztJR+pTDvC0QI9S4SymS+gY3Y=

"@types/node@^10.12.17":
  version "10.12.18"
  resolved "http://registry.npm.taobao.org/@types/node/download/@types/node-10.12.18.tgz#1d3ca764718915584fcd9f6344621b7672665c67"
  integrity sha1-HTynZHGJFVhPzZ9jRGIbdnJmXGc=

"@types/prop-types@*":
  version "15.5.8"
  resolved "http://registry.npm.taobao.org/@types/prop-types/download/@types/prop-types-15.5.8.tgz#8ae4e0ea205fe95c3901a5a1df7f66495e3a56ce"
  integrity sha1-iuTg6iBf6Vw5AaWh339mSV46Vs4=

"@types/react-dom@^16.0.11":
  version "16.0.11"
  resolved "http://registry.npm.taobao.org/@types/react-dom/download/@types/react-dom-16.0.11.tgz#bd10ccb0d9260343f4b9a49d4f7a8330a5c1f081"
  integrity sha1-vRDMsNkmA0P0uaSdT3qDMKXB8IE=
  dependencies:
    "@types/react" "*"

"@types/react@*", "@types/react@^16.7.18":
  version "16.7.18"
  resolved "http://registry.npm.taobao.org/@types/react/download/@types/react-16.7.18.tgz#f4ce0d539a893dd61e36cd11ae3a5e54f5a48337"
  integrity sha1-9M4NU5qJPdYeNs0RrjpeVPWkgzc=
  dependencies:
    "@types/prop-types" "*"
    csstype "^2.2.0"

checkok-email@^1.0.1:
  version "1.0.1"
  resolved "http://registry.npm.taobao.org/checkok-email/download/checkok-email-1.0.1.tgz#b0f2ab22a867b3afb2173b79b2305e8798d3b13b"
  integrity sha1-sPKrIqhns6+yFzt5sjBeh5jTsTs=
  dependencies:
    util-is-email "^1.0.0"
    util-result "^1.0.0"

checkok-max@^1.0.1:
  version "1.0.1"
  resolved "http://registry.npm.taobao.org/checkok-max/download/checkok-max-1.0.1.tgz#ef9ada88c45822de28ec360eafb615b53520de3a"
  integrity sha1-75raiMRYIt4o7DYOr7YVtTUg3jo=
  dependencies:
    util-is-number "^1.0.0"
    util-is-string "^1.0.0"
    util-result "^1.0.0"

checkok-min@^1.0.1:
  version "1.0.1"
  resolved "http://registry.npm.taobao.org/checkok-min/download/checkok-min-1.0.1.tgz#1d936b14369aed9649b8faf94f97bbb96788259f"
  integrity sha1-HZNrFDaa7ZZJuPr5T5e7uWeIJZ8=
  dependencies:
    util-is-number "^1.0.0"
    util-is-string "^1.0.0"
    util-result "^1.0.0"

checkok-number@^1.0.0:
  version "1.0.0"
  resolved "http://registry.npm.taobao.org/checkok-number/download/checkok-number-1.0.0.tgz#a3166ab83c81a2b05f3f8ae8829e9575cbdbd3cd"
  integrity sha1-oxZquDyBorBfP4rogp6Vdcvb080=
  dependencies:
    util-is-number "^1.0.0"
    util-result "^1.0.0"

checkok-required@^1.0.0:
  version "1.0.0"
  resolved "http://registry.npm.taobao.org/checkok-required/download/checkok-required-1.0.0.tgz#fa9c91671db3919665bf0de24e8bb12c8af7ce4a"
  integrity sha1-+pyRZx2zkZZlvw3iTouxLIr3zko=
  dependencies:
    util-result "^1.0.0"

checkok-string@^1.0.1:
  version "1.0.1"
  resolved "http://registry.npm.taobao.org/checkok-string/download/checkok-string-1.0.1.tgz#a0c4115e947452de65a4553df3f714c3253dd7d8"
  integrity sha1-oMQRXpR0Ut5lpFU98/cUwyU919g=
  dependencies:
    util-is-string "^1.0.0"
    util-result "^1.0.0"

checkok-url@^1.0.1:
  version "1.0.1"
  resolved "http://registry.npm.taobao.org/checkok-url/download/checkok-url-1.0.1.tgz#2778d956c4f85f1bc1f45617ceb3cc7d6aa1bdcc"
  integrity sha1-J3jZVsT4XxvB9FYXzrPMfWqhvcw=
  dependencies:
    util-is-url "^1.0.1"
    util-result "^1.0.0"

checkok@^1.1.0, checkok@^1.1.1:
  version "1.1.1"
  resolved "http://registry.npm.taobao.org/checkok/download/checkok-1.1.1.tgz#43d72df123eda6f05c721f64959ff094f0778892"
  integrity sha1-Q9ct8SPtpvBcch9klZ/wlPB3iJI=

corolla@^1.1.1:
  version "1.1.1"
  resolved "http://registry.npm.taobao.org/corolla/download/corolla-1.1.1.tgz#c223d74f0e15c2169da2fdfb77794eed38a3ac9b"
  integrity sha1-wiPXTw4Vwhadov37d3lO7TijrJs=
  dependencies:
    path-parser "^4.2.0"
    stamen "^1.8.1"

cross-fetch@^2.2.3:
  version "2.2.3"
  resolved "http://registry.npm.taobao.org/cross-fetch/download/cross-fetch-2.2.3.tgz#e8a0b3c54598136e037f8650f8e823ccdfac198e"
  integrity sha1-6KCzxUWYE24Df4ZQ+OgjzN+sGY4=
  dependencies:
    node-fetch "2.1.2"
    whatwg-fetch "2.0.4"

cross-fetch@^3.0.0:
  version "3.0.0"
  resolved "http://registry.npm.taobao.org/cross-fetch/download/cross-fetch-3.0.0.tgz#fb7fa6906f39c7233aa7ab8de1785e980532b899"
  integrity sha1-+3+mkG85xyM6p6uN4XhemAUyuJk=
  dependencies:
    node-fetch "2.3.0"
    whatwg-fetch "3.0.0"

csstype@^2.2.0:
  version "2.6.0"
  resolved "http://registry.npm.taobao.org/csstype/download/csstype-2.6.0.tgz#6cf7b2fa7fc32aab3d746802c244d4eda71371a2"
  integrity sha1-bPey+n/DKqs9dGgCwkTU7acTcaI=

dahlia@^1.9.0:
  version "1.9.0"
  resolved "http://registry.npm.taobao.org/dahlia/download/dahlia-1.9.0.tgz#0cf0e3451f758739f0db1b918ffb5c9dec075992"
  integrity sha1-DPDjRR91hznw2xuRj/tcnewHWZI=
  dependencies:
    checkok "^1.1.1"
    checkok-email "^1.0.1"
    checkok-max "^1.0.1"
    checkok-min "^1.0.1"
    checkok-number "^1.0.0"
    checkok-required "^1.0.0"
    checkok-string "^1.0.1"
    checkok-url "^1.0.1"
    corolla "^1.1.1"
    fooks "^1.2.0"
    gery "^1.1.3"
    gql-tag "^1.0.1"
    request-hooks "^1.2.0"
    stamen "^1.8.1"

deepmerge@^3.0.0:
  version "3.0.0"
  resolved "http://registry.npm.taobao.org/deepmerge/download/deepmerge-3.0.0.tgz#ca7903b34bfa1f8c2eab6779280775a411bfc6ba"
  integrity sha1-ynkDs0v6H4wuq2d5KAd1pBG/xro=

fast-deep-equal@^2.0.1:
  version "2.0.1"
  resolved "http://registry.npm.taobao.org/fast-deep-equal/download/fast-deep-equal-2.0.1.tgz#7b05218ddf9667bf7f370bf7fdb2cb15fdd0aa49"
  integrity sha1-ewUhjd+WZ79/Nwv3/bLLFf3Qqkk=

fooks@^1.2.0:
  version "1.2.0"
  resolved "http://registry.npm.taobao.org/fooks/download/fooks-1.2.0.tgz#dac26c31ef89d98b37d6829ae8eeb1e19306c329"
  integrity sha1-2sJsMe+J2Ys31oKa6O6x4ZMGwyk=
  dependencies:
    checkok "^1.1.0"
    deepmerge "^3.0.0"
    fast-deep-equal "^2.0.1"
    immer "^1.10.0"
    lodash.get "^4.4.2"
    lodash.set "^4.3.2"
    util-is-array "^1.0.0"

gery@^1.1.2, gery@^1.1.3:
  version "1.1.3"
  resolved "http://registry.npm.taobao.org/gery/download/gery-1.1.3.tgz#34039b456fcf8cfe65bccc8197b4cc2f99ef7bf4"
  integrity sha1-NAObRW/PjP5lvMyBl7TML5nve/Q=
  dependencies:
    cross-fetch "^2.2.3"

gql-tag@^1.0.1:
  version "1.0.1"
  resolved "http://registry.npm.taobao.org/gql-tag/download/gql-tag-1.0.1.tgz#25294dc23986db5b950b81a8bc8debfb0acf6140"
  integrity sha1-JSlNwjmG21uVC4GovI3r+wrPYUA=

immer@^1.10.0, immer@^1.7.2:
  version "1.10.0"
  resolved "http://registry.npm.taobao.org/immer/download/immer-1.10.0.tgz#bad67605ba9c810275d91e1c2a47d4582e98286d"
  integrity sha1-utZ2BbqcgQJ12R4cKkfUWC6YKG0=

"js-tokens@^3.0.0 || ^4.0.0":
  version "4.0.0"
  resolved "http://registry.npm.taobao.org/js-tokens/download/js-tokens-4.0.0.tgz#19203fb59991df98e3a287050d4647cdeaf32499"
  integrity sha1-GSA/tZmR35jjoocFDUZHzerzJJk=

lodash.get@^4.4.2:
  version "4.4.2"
  resolved "http://registry.npm.taobao.org/lodash.get/download/lodash.get-4.4.2.tgz#2d177f652fa31e939b4438d5341499dfa3825e99"
  integrity sha1-LRd/ZS+jHpObRDjVNBSZ36OCXpk=

lodash.set@^4.3.2:
  version "4.3.2"
  resolved "http://registry.npm.taobao.org/lodash.set/download/lodash.set-4.3.2.tgz#d8757b1da807dde24816b0d6a84bea1a76230b23"
  integrity sha1-2HV7HagH3eJIFrDWqEvqGnYjCyM=

loose-envify@^1.1.0, loose-envify@^1.3.1:
  version "1.4.0"
  resolved "http://registry.npm.taobao.org/loose-envify/download/loose-envify-1.4.0.tgz#71ee51fa7be4caec1a63839f7e682d8132d30caf"
  integrity sha1-ce5R+nvkyuwaY4OffmgtgTLTDK8=
  dependencies:
    js-tokens "^3.0.0 || ^4.0.0"

node-fetch@2.1.2:
  version "2.1.2"
  resolved "http://registry.npm.taobao.org/node-fetch/download/node-fetch-2.1.2.tgz#ab884e8e7e57e38a944753cec706f788d1768bb5"
  integrity sha1-q4hOjn5X44qUR1POxwb3iNF2i7U=

node-fetch@2.3.0:
  version "2.3.0"
  resolved "http://registry.npm.taobao.org/node-fetch/download/node-fetch-2.3.0.tgz#1a1d940bbfb916a1d3e0219f037e89e71f8c5fa5"
  integrity sha1-Gh2UC7+5FqHT4CGfA36J5x+MX6U=

object-assign@^4.1.1:
  version "4.1.1"
  resolved "http://registry.npm.taobao.org/object-assign/download/object-assign-4.1.1.tgz#2109adc7965887cfc05cbbd442cac8bfbb360863"
  integrity sha1-IQmtx5ZYh8/AXLvUQsrIv7s2CGM=

path-parser@^4.2.0:
  version "4.2.0"
  resolved "http://registry.npm.taobao.org/path-parser/download/path-parser-4.2.0.tgz#2fbb3df2d49659a9a4cac88be7d8d5f4666814fb"
  integrity sha1-L7s98tSWWamkysiL59jV9GZoFPs=
  dependencies:
    search-params "2.1.3"

prop-types@^15.6.2:
  version "15.6.2"
  resolved "http://registry.npm.taobao.org/prop-types/download/prop-types-15.6.2.tgz#05d5ca77b4453e985d60fc7ff8c859094a497102"
  integrity sha1-BdXKd7RFPphdYPx/+MhZCUpJcQI=
  dependencies:
    loose-envify "^1.3.1"
    object-assign "^4.1.1"

react-dom@^16.8.0-alpha.0:
  version "16.8.0-alpha.0"
  resolved "http://registry.npm.taobao.org/react-dom/download/react-dom-16.8.0-alpha.0.tgz#47bbcf42593eab5468b577d3c3f3c27f251a65ef"
  integrity sha1-R7vPQlk+q1RotXfTw/PCfyUaZe8=
  dependencies:
    loose-envify "^1.1.0"
    object-assign "^4.1.1"
    prop-types "^15.6.2"
    scheduler "^0.13.0-alpha.0"

react@^16.8.0-alpha.0:
  version "16.8.0-alpha.0"
  resolved "http://registry.npm.taobao.org/react/download/react-16.8.0-alpha.0.tgz#8545eb79534cce5ba99ed40085f7f955e8857a19"
  integrity sha1-hUXreVNMzlupntQAhff5VeiFehk=
  dependencies:
    loose-envify "^1.1.0"
    object-assign "^4.1.1"
    prop-types "^15.6.2"
    scheduler "^0.13.0-alpha.0"

request-hooks@^1.0.1, request-hooks@^1.2.0:
  version "1.2.0"
  resolved "http://registry.npm.taobao.org/request-hooks/download/request-hooks-1.2.0.tgz#e745e331ae898e7ee53b40a1c5a5caff0a215021"
  integrity sha1-50XjMa6Jjn7lO0ChxaXK/wohUCE=
  dependencies:
    cross-fetch "^3.0.0"
    gery "^1.1.2"
    request-hooks "^1.0.1"

scheduler@^0.13.0-alpha.0:
  version "0.13.0-alpha.0"
  resolved "http://registry.npm.taobao.org/scheduler/download/scheduler-0.13.0-alpha.0.tgz#8fc1f01617b59e4543376735b2f954867d49110c"
  integrity sha1-j8HwFhe1nkVDN2c1svlUhn1JEQw=
  dependencies:
    loose-envify "^1.1.0"
    object-assign "^4.1.1"

search-params@2.1.3:
  version "2.1.3"
  resolved "http://registry.npm.taobao.org/search-params/download/search-params-2.1.3.tgz#90b98964eaf3d0edef0f73e6e8307d1480020413"
  integrity sha1-kLmJZOrz0O3vD3Pm6DB9FIACBBM=

stamen@^1.7.0, stamen@^1.8.1:
  version "1.8.1"
  resolved "http://registry.npm.taobao.org/stamen/download/stamen-1.8.1.tgz#1f354eea0e6707db4d22ee1cfe53fbf41be0e73a"
  integrity sha1-HzVO6g5nB9tNIu4c/lP79Bvg5zo=
  dependencies:
    fast-deep-equal "^2.0.1"
    gery "^1.1.2"
    immer "^1.7.2"
    stamen "^1.7.0"

typescript@^3.2.2:
  version "3.2.2"
  resolved "http://registry.npm.taobao.org/typescript/download/typescript-3.2.2.tgz#fe8101c46aa123f8353523ebdcf5730c2ae493e5"
  integrity sha1-/oEBxGqhI/g1NSPr3PVzDCrkk+U=

util-is-array@^1.0.0:
  version "1.0.0"
  resolved "http://registry.npm.taobao.org/util-is-array/download/util-is-array-1.0.0.tgz#fd9d8a0d9f960d27ad86874065a1d5733a718ddd"
  integrity sha1-/Z2KDZ+WDSethodAZaHVczpxjd0=

util-is-email@^1.0.0:
  version "1.0.0"
  resolved "http://registry.npm.taobao.org/util-is-email/download/util-is-email-1.0.0.tgz#f87bfcdb90bb9aa89dc7b536ef2d45355a856fb0"
  integrity sha1-+Hv825C7mqidx7U27y1FNVqFb7A=

util-is-number@^1.0.0:
  version "1.0.0"
  resolved "http://registry.npm.taobao.org/util-is-number/download/util-is-number-1.0.0.tgz#2839f3d907aff039ec540cf188ec3ab4f8b73c1d"
  integrity sha1-KDnz2Qev8DnsVAzxiOw6tPi3PB0=

util-is-string@^1.0.0:
  version "1.0.0"
  resolved "http://registry.npm.taobao.org/util-is-string/download/util-is-string-1.0.0.tgz#d42fb597e55c63f38591c8ae6cbdf03691aadb87"
  integrity sha1-1C+1l+VcY/OFkciubL3wNpGq24c=

util-is-url@^1.0.1:
  version "1.0.1"
  resolved "http://registry.npm.taobao.org/util-is-url/download/util-is-url-1.0.1.tgz#b42eb6114628c249cf28f68ef053f894c717a014"
  integrity sha1-tC62EUYowknPKPaO8FP4lMcXoBQ=

util-result@^1.0.0:
  version "1.0.0"
  resolved "http://registry.npm.taobao.org/util-result/download/util-result-1.0.0.tgz#e0886f7faaa34a14f5e89e6d7268e8a3999c7b11"
  integrity sha1-4Ihvf6qjShT16J5tcmjoo5mcexE=

whatwg-fetch@2.0.4:
  version "2.0.4"
  resolved "http://registry.npm.taobao.org/whatwg-fetch/download/whatwg-fetch-2.0.4.tgz#dde6a5df315f9d39991aa17621853d720b85566f"
  integrity sha1-3eal3zFfnTmZGqF2IYU9cguFVm8=

whatwg-fetch@3.0.0:
  version "3.0.0"
  resolved "http://registry.npm.taobao.org/whatwg-fetch/download/whatwg-fetch-3.0.0.tgz#fc804e458cc460009b1a2b966bc8817d2578aefb"
  integrity sha1-/IBORYzEYACbGiuWa8iBfSV4rvs=
