# THIS IS AN AUTOGENERATED FILE. DO NOT EDIT THIS FILE DIRECTLY.
# yarn lockfile v1


"@babel/helper-annotate-as-pure@^7.0.0":
  version "7.0.0"
  resolved "https://registry.yarnpkg.com/@babel/helper-annotate-as-pure/-/helper-annotate-as-pure-7.0.0.tgz#323d39dd0b50e10c7c06ca7d7638e6864d8c5c32"
  integrity sha512-3UYcJUj9kvSLbLbUIfQTqzcy5VX7GRZ/CCDrnOaZorFFM01aXp1+GJwuFGV4NDDoAS+mOUyHcO6UD/RfqOks3Q==
  dependencies:
    "@babel/types" "^7.0.0"

"@babel/helper-module-imports@^7.0.0":
  version "7.0.0"
  resolved "https://registry.yarnpkg.com/@babel/helper-module-imports/-/helper-module-imports-7.0.0.tgz#96081b7111e486da4d2cd971ad1a4fe216cc2e3d"
  integrity sha512-aP/hlLq01DWNEiDg4Jn23i+CXxW/owM4WpDLFUbpjxe4NS3BhLVZQ5i7E0ZrxuQ/vwekIeciyamgB1UIYxxM6A==
  dependencies:
    "@babel/types" "^7.0.0"

"@babel/types@^7.0.0":
  version "7.3.0"
  resolved "https://registry.yarnpkg.com/@babel/types/-/types-7.3.0.tgz#61dc0b336a93badc02bf5f69c4cd8e1353f2ffc0"
  integrity sha512-QkFPw68QqWU1/RVPyBe8SO7lXbPfjtqAxRYQKpFpaB8yMq7X2qAqfwK5LKoQufEkSmO5NQ70O6Kc3Afk03RwXw==
  dependencies:
    esutils "^2.0.2"
    lodash "^4.17.10"
    to-fast-properties "^2.0.0"

"@emotion/is-prop-valid@^0.7.3":
  version "0.7.3"
  resolved "https://registry.yarnpkg.com/@emotion/is-prop-valid/-/is-prop-valid-0.7.3.tgz#a6bf4fa5387cbba59d44e698a4680f481a8da6cc"
  integrity sha512-uxJqm/sqwXw3YPA5GXX365OBcJGFtxUVkB6WyezqFHlNe9jqUWH5ur2O2M8dGBz61kn1g3ZBlzUunFQXQIClhA==
  dependencies:
    "@emotion/memoize" "0.7.1"

"@emotion/memoize@0.7.1":
  version "0.7.1"
  resolved "https://registry.yarnpkg.com/@emotion/memoize/-/memoize-0.7.1.tgz#e93c13942592cf5ef01aa8297444dc192beee52f"
  integrity sha512-Qv4LTqO11jepd5Qmlp3M1YEjBumoTHcHFdgPTQ+sFlIL5myi/7xu/POwP7IRu6odBdmLXdtIs1D6TuW6kbwbbg==

"@emotion/unitless@^0.7.0":
  version "0.7.3"
  resolved "https://registry.yarnpkg.com/@emotion/unitless/-/unitless-0.7.3.tgz#6310a047f12d21a1036fb031317219892440416f"
  integrity sha512-4zAPlpDEh2VwXswwr/t8xGNDGg8RQiPxtxZ3qQEXyQsBV39ptTdESCjuBvGze1nLMVrxmTIKmnO/nAV8Tqjjzg==

"@types/jest@^23.3.13":
  version "23.3.13"
  resolved "https://registry.yarnpkg.com/@types/jest/-/jest-23.3.13.tgz#c81484b6f4ca007bb09887ed15ecb3286d58f928"
  integrity sha512-ePl4l+7dLLmCucIwgQHAgjiepY++qcI6nb8eAwGNkB6OxmTe3Z9rQU3rSpomqu42PCCnlThZbOoxsf+qylJsLA==

"@types/node@*":
  version "10.12.21"
  resolved "https://registry.yarnpkg.com/@types/node/-/node-10.12.21.tgz#7e8a0c34cf29f4e17a36e9bd0ea72d45ba03908e"
  integrity sha512-CBgLNk4o3XMnqMc0rhb6lc77IwShMEglz05deDcn2lQxyXEZivfwgYJu7SMha9V5XcrP6qZuevTHV/QrN2vjKQ==

"@types/prop-types@*":
  version "15.5.8"
  resolved "https://registry.yarnpkg.com/@types/prop-types/-/prop-types-15.5.8.tgz#8ae4e0ea205fe95c3901a5a1df7f66495e3a56ce"
  integrity sha512-3AQoUxQcQtLHsK25wtTWIoIpgYjH3vSDroZOUr7PpCHw/jLY1RB9z9E8dBT/OSmwStVgkRNvdh+ZHNiomRieaw==

"@types/react-dom@^16.0.11":
  version "16.0.11"
  resolved "https://registry.yarnpkg.com/@types/react-dom/-/react-dom-16.0.11.tgz#bd10ccb0d9260343f4b9a49d4f7a8330a5c1f081"
  integrity sha512-x6zUx9/42B5Kl2Vl9HlopV8JF64wLpX3c+Pst9kc1HgzrsH+mkehe/zmHMQTplIrR48H2gpU7ZqurQolYu8XBA==
  dependencies:
    "@types/react" "*"

"@types/react@*", "@types/react@^16.8.1":
  version "16.8.1"
  resolved "https://registry.yarnpkg.com/@types/react/-/react-16.8.1.tgz#b431b104ecc6febda170b718caa9f50be66a6750"
  integrity sha512-tD1ETKJcuhANOejRc/p7OgQ16DKnbGi0M3LccelKlPnUCDp2a5koVxZFoRN9HN+A+m84HB5VGN7I+r3nNhS3PA==
  dependencies:
    "@types/prop-types" "*"
    csstype "^2.2.0"

"@types/styled-components@^4.1.6":
  version "4.1.6"
  resolved "https://registry.yarnpkg.com/@types/styled-components/-/styled-components-4.1.6.tgz#9aa1d47dbc6bae540083869bcc6c639c6e9af0fe"
  integrity sha512-w/ra/Tk9oPMvWpWId7esZNY1MOa6E9BYUPLl4scVJdYnrYuy5ITLbku8dGDCVH/vjjuegrHBCRYvFLQOYJ+uHg==
  dependencies:
    "@types/node" "*"
    "@types/react" "*"
    csstype "^2.2.0"

"@types/styled-jsx@^2.2.7":
  version "2.2.7"
  resolved "https://registry.yarnpkg.com/@types/styled-jsx/-/styled-jsx-2.2.7.tgz#f7ebdd48949f1d95b04807f7161bbee8e8d749b3"
  integrity sha512-bwwW60WiFZ0vfpxU7Ymvi8A0sOPX89gJYfbBO4Y5qOsuyMFQYs+uo/kACEPurwafQ9dv/ce2CsNre90Hk5bVKg==
  dependencies:
    "@types/react" "*"

asap@~2.0.3:
  version "2.0.6"
  resolved "https://registry.yarnpkg.com/asap/-/asap-2.0.6.tgz#e50347611d7e690943208bbdafebcbc2fb866d46"
  integrity sha1-5QNHYR1+aQlDIIu9r+vLwvuGbUY=

"babel-plugin-styled-components@>= 1":
  version "1.10.0"
  resolved "https://registry.yarnpkg.com/babel-plugin-styled-components/-/babel-plugin-styled-components-1.10.0.tgz#ff1f42ad2cc78c21f26b62266b8f564dbc862939"
  integrity sha512-sQVKG8irFXx14ZfaK1bBePirfkacl3j8nZwSZK+ZjsbnadRHKQTbhXbe/RB1vT6Vgkz45E+V95LBq4KqdhZUNw==
  dependencies:
    "@babel/helper-annotate-as-pure" "^7.0.0"
    "@babel/helper-module-imports" "^7.0.0"
    babel-plugin-syntax-jsx "^6.18.0"
    lodash "^4.17.10"

babel-plugin-syntax-jsx@6.18.0, babel-plugin-syntax-jsx@^6.18.0:
  version "6.18.0"
  resolved "https://registry.yarnpkg.com/babel-plugin-syntax-jsx/-/babel-plugin-syntax-jsx-6.18.0.tgz#0af32a9a6e13ca7a3fd5069e62d7b0f58d0d8946"
  integrity sha1-CvMqmm4Tyno/1QaeYtew9Y0NiUY=

babel-runtime@^6.26.0:
  version "6.26.0"
  resolved "https://registry.yarnpkg.com/babel-runtime/-/babel-runtime-6.26.0.tgz#965c7058668e82b55d7bfe04ff2337bc8b5647fe"
  integrity sha1-llxwWGaOgrVde/4E/yM3vItWR/4=
  dependencies:
    core-js "^2.4.0"
    regenerator-runtime "^0.11.0"

babel-types@6.26.0:
  version "6.26.0"
  resolved "https://registry.yarnpkg.com/babel-types/-/babel-types-6.26.0.tgz#a3b073f94ab49eb6fa55cd65227a334380632497"
  integrity sha1-o7Bz+Uq0nrb6Vc1lInozQ4BjJJc=
  dependencies:
    babel-runtime "^6.26.0"
    esutils "^2.0.2"
    lodash "^4.17.4"
    to-fast-properties "^1.0.3"

big.js@^3.1.3:
  version "3.2.0"
  resolved "https://registry.yarnpkg.com/big.js/-/big.js-3.2.0.tgz#a5fc298b81b9e0dca2e458824784b65c52ba588e"
  integrity sha512-+hN/Zh2D08Mx65pZ/4g5bsmNiZUuChDiQfTUQ7qJr4/kuopCr88xZsAXv6mBoZEsUI4OuGHlX59qE94K2mMW8Q==

checkok-email@^1.0.1:
  version "1.0.1"
  resolved "https://registry.yarnpkg.com/checkok-email/-/checkok-email-1.0.1.tgz#b0f2ab22a867b3afb2173b79b2305e8798d3b13b"
  integrity sha512-FW0Lp3Z5ZcRnlaIYCa5mf28j2do1XJMXln5XxfeyTjfg5YraPvIEOrYl55BBF0koNDHPKtc4T4byEcfSM0gd9Q==
  dependencies:
    util-is-email "^1.0.0"
    util-result "^1.0.0"

checkok-max@^1.0.1:
  version "1.0.1"
  resolved "https://registry.yarnpkg.com/checkok-max/-/checkok-max-1.0.1.tgz#ef9ada88c45822de28ec360eafb615b53520de3a"
  integrity sha512-dJgSwoMOsAV9MPOp3Yj8VuRgFE+WVK7Erfa0tbvMPOIKKBwlqU7OGzf9SfKXld1ynzkCruKMvJnzl7mdTH1/HQ==
  dependencies:
    util-is-number "^1.0.0"
    util-is-string "^1.0.0"
    util-result "^1.0.0"

checkok-min@^1.0.1:
  version "1.0.1"
  resolved "https://registry.yarnpkg.com/checkok-min/-/checkok-min-1.0.1.tgz#1d936b14369aed9649b8faf94f97bbb96788259f"
  integrity sha512-Ogc0/jm1W0fbvREdqhbmggjZohA9BX0tB4UjmrZCIAmheDTDM85BFXXogjkNEyZYxpS0MzbxE8W+sFzeBp8iPA==
  dependencies:
    util-is-number "^1.0.0"
    util-is-string "^1.0.0"
    util-result "^1.0.0"

checkok-number@^1.0.0:
  version "1.0.0"
  resolved "https://registry.yarnpkg.com/checkok-number/-/checkok-number-1.0.0.tgz#a3166ab83c81a2b05f3f8ae8829e9575cbdbd3cd"
  integrity sha512-2CgQnxXZCigGEz3xl23HL9+C2FxqPbNygI3Iz1BlMHEn662zwJFlXHLrHxMm3HaDif0iw6Iapayw2RHby3lYxA==
  dependencies:
    util-is-number "^1.0.0"
    util-result "^1.0.0"

checkok-required@^1.0.0:
  version "1.0.0"
  resolved "https://registry.yarnpkg.com/checkok-required/-/checkok-required-1.0.0.tgz#fa9c91671db3919665bf0de24e8bb12c8af7ce4a"
  integrity sha512-E6ZJ88IRLr537zKvGrpgTYs3V4vm55wBS901AIoJzCuEQdQmuyvJbyc+58ExC44p06OfkQjt33QncbxUfg2hMA==
  dependencies:
    util-result "^1.0.0"

checkok-string@^1.0.1:
  version "1.0.1"
  resolved "https://registry.yarnpkg.com/checkok-string/-/checkok-string-1.0.1.tgz#a0c4115e947452de65a4553df3f714c3253dd7d8"
  integrity sha512-mY9/q/K3MbKeq58a8cDAYSyJ3dX5mbMkoRzAG1SV4g1JFsRr4EOpSMBMy+RS9waSQOp6L/nbG2WmIWpxZHM8IQ==
  dependencies:
    util-is-string "^1.0.0"
    util-result "^1.0.0"

checkok-url@^1.0.1:
  version "1.0.1"
  resolved "https://registry.yarnpkg.com/checkok-url/-/checkok-url-1.0.1.tgz#2778d956c4f85f1bc1f45617ceb3cc7d6aa1bdcc"
  integrity sha512-5nsQDPcX2crf5vKLB5ooZa4aj8juscAxVDXxTeYiRsrjN9gnj5aBSAPeHdSZAm9GREK3Pa5pvLPrPcfCyVw/HA==
  dependencies:
    util-is-url "^1.0.1"
    util-result "^1.0.0"

checkok@^1.1.0, checkok@^1.1.1:
  version "1.1.1"
  resolved "https://registry.yarnpkg.com/checkok/-/checkok-1.1.1.tgz#43d72df123eda6f05c721f64959ff094f0778892"
  integrity sha512-DZiYYoCO/sTV1FMKBwCcJh9Iq5OZrpgnCl2tSBz5+axi1HhctVNNL0KQbqnEJO43waTahG6gMNgfpcVU6+rhRw==

convert-source-map@1.5.1:
  version "1.5.1"
  resolved "https://registry.yarnpkg.com/convert-source-map/-/convert-source-map-1.5.1.tgz#b8278097b9bc229365de5c62cf5fcaed8b5599e5"
  integrity sha1-uCeAl7m8IpNl3lxiz1/K7YtVmeU=

core-js@^1.0.0:
  version "1.2.7"
  resolved "https://registry.yarnpkg.com/core-js/-/core-js-1.2.7.tgz#652294c14651db28fa93bd2d5ff2983a4f08c636"
  integrity sha1-ZSKUwUZR2yj6k70tX/KYOk8IxjY=

core-js@^2.4.0:
  version "2.6.3"
  resolved "https://registry.yarnpkg.com/core-js/-/core-js-2.6.3.tgz#4b70938bdffdaf64931e66e2db158f0892289c49"
  integrity sha512-l00tmFFZOBHtYhN4Cz7k32VM7vTn3rE2ANjQDxdEN6zmXZ/xq1jQuutnmHvMG1ZJ7xd72+TA5YpUK8wz3rWsfQ==

corolla@^1.1.1:
  version "1.1.1"
  resolved "https://registry.yarnpkg.com/corolla/-/corolla-1.1.1.tgz#c223d74f0e15c2169da2fdfb77794eed38a3ac9b"
  integrity sha512-RGnoMHXQ6WCIqq4DoyMVVB+t1AqKS6g32MPEMk8oeAN8wIXJVQz3yVmUOtTMJ2H4TjZy4b4L75w1Z4pk82B62g==
  dependencies:
    path-parser "^4.2.0"
    stamen "^1.8.1"

cross-fetch@^2.2.3:
  version "2.2.3"
  resolved "https://registry.yarnpkg.com/cross-fetch/-/cross-fetch-2.2.3.tgz#e8a0b3c54598136e037f8650f8e823ccdfac198e"
  integrity sha512-PrWWNH3yL2NYIb/7WF/5vFG3DCQiXDOVf8k3ijatbrtnwNuhMWLC7YF7uqf53tbTFDzHIUD8oITw4Bxt8ST3Nw==
  dependencies:
    node-fetch "2.1.2"
    whatwg-fetch "2.0.4"

cross-fetch@^3.0.0:
  version "3.0.0"
  resolved "https://registry.yarnpkg.com/cross-fetch/-/cross-fetch-3.0.0.tgz#fb7fa6906f39c7233aa7ab8de1785e980532b899"
  integrity sha512-P8HyKlMwT1ed9LqEWlJu+zfcxfn0KI4Nl4nxyvu1a8sg4vgtHdwhElZOgSNzoar44zQMdliZcve4QG/04AUi9Q==
  dependencies:
    node-fetch "2.3.0"
    whatwg-fetch "3.0.0"

css-color-keywords@^1.0.0:
  version "1.0.0"
  resolved "https://registry.yarnpkg.com/css-color-keywords/-/css-color-keywords-1.0.0.tgz#fea2616dc676b2962686b3af8dbdbe180b244e05"
  integrity sha1-/qJhbcZ2spYmhrOvjb2+GAskTgU=

css-to-react-native@^2.2.2:
  version "2.2.2"
  resolved "https://registry.yarnpkg.com/css-to-react-native/-/css-to-react-native-2.2.2.tgz#c077d0f7bf3e6c915a539e7325821c9dd01f9965"
  integrity sha512-w99Fzop1FO8XKm0VpbQp3y5mnTnaS+rtCvS+ylSEOK76YXO5zoHQx/QMB1N54Cp+Ya9jB9922EHrh14ld4xmmw==
  dependencies:
    css-color-keywords "^1.0.0"
    fbjs "^0.8.5"
    postcss-value-parser "^3.3.0"

csstype@^2.2.0:
  version "2.6.2"
  resolved "https://registry.yarnpkg.com/csstype/-/csstype-2.6.2.tgz#3043d5e065454579afc7478a18de41909c8a2f01"
  integrity sha512-Rl7PvTae0pflc1YtxtKbiSqq20Ts6vpIYOD5WBafl4y123DyHUeLrRdQP66sQW8/6gmX8jrYJLXwNeMqYVJcow==

dahlia@^1.10.1:
  version "1.10.1"
  resolved "https://registry.yarnpkg.com/dahlia/-/dahlia-1.10.1.tgz#88363d51da716b0cd196dc2785117f71dca13245"
  integrity sha512-3+DIeF1iMb55PQv4aRyq9VxLnRd5F8Pz9LLKidjWrF2+m2snmi8bUFDONj7RGuBFxh6l/SlPVeEpXO/oCyeA+A==
  dependencies:
    "@types/styled-components" "^4.1.6"
    "@types/styled-jsx" "^2.2.7"
    checkok "^1.1.1"
    checkok-email "^1.0.1"
    checkok-max "^1.0.1"
    checkok-min "^1.0.1"
    checkok-number "^1.0.0"
    checkok-required "^1.0.0"
    checkok-string "^1.0.1"
    checkok-url "^1.0.1"
    corolla "^1.1.1"
    fooks "^1.2.0"
    gery "^1.1.3"
    gql-tag "^1.0.1"
    request-hooks "^1.2.0"
    stamen "^1.8.1"
    styled-components "^4.1.3"
    styled-jsx "^3.2.0"

deepmerge@^3.0.0:
  version "3.1.0"
  resolved "https://registry.yarnpkg.com/deepmerge/-/deepmerge-3.1.0.tgz#a612626ce4803da410d77554bfd80361599c034d"
  integrity sha512-/TnecbwXEdycfbsM2++O3eGiatEFHjjNciHEwJclM+T5Kd94qD1AP+2elP/Mq0L5b9VZJao5znR01Mz6eX8Seg==

emojis-list@^2.0.0:
  version "2.1.0"
  resolved "https://registry.yarnpkg.com/emojis-list/-/emojis-list-2.1.0.tgz#4daa4d9db00f9819880c79fa457ae5b09a1fd389"
  integrity sha1-TapNnbAPmBmIDHn6RXrlsJof04k=

encoding@^0.1.11:
  version "0.1.12"
  resolved "https://registry.yarnpkg.com/encoding/-/encoding-0.1.12.tgz#538b66f3ee62cd1ab51ec323829d1f9480c74beb"
  integrity sha1-U4tm8+5izRq1HsMjgp0flIDHS+s=
  dependencies:
    iconv-lite "~0.4.13"

esutils@^2.0.2:
  version "2.0.2"
  resolved "https://registry.yarnpkg.com/esutils/-/esutils-2.0.2.tgz#0abf4f1caa5bcb1f7a9d8acc6dea4faaa04bac9b"
  integrity sha1-Cr9PHKpbyx96nYrMbepPqqBLrJs=

fast-deep-equal@^2.0.1:
  version "2.0.1"
  resolved "https://registry.yarnpkg.com/fast-deep-equal/-/fast-deep-equal-2.0.1.tgz#7b05218ddf9667bf7f370bf7fdb2cb15fdd0aa49"
  integrity sha1-ewUhjd+WZ79/Nwv3/bLLFf3Qqkk=

fbjs@^0.8.5:
  version "0.8.17"
  resolved "https://registry.yarnpkg.com/fbjs/-/fbjs-0.8.17.tgz#c4d598ead6949112653d6588b01a5cdcd9f90fdd"
  integrity sha1-xNWY6taUkRJlPWWIsBpc3Nn5D90=
  dependencies:
    core-js "^1.0.0"
    isomorphic-fetch "^2.1.1"
    loose-envify "^1.0.0"
    object-assign "^4.1.0"
    promise "^7.1.1"
    setimmediate "^1.0.5"
    ua-parser-js "^0.7.18"

fooks@^1.2.0:
  version "1.2.0"
  resolved "https://registry.yarnpkg.com/fooks/-/fooks-1.2.0.tgz#dac26c31ef89d98b37d6829ae8eeb1e19306c329"
  integrity sha512-wEzJy4Pzp5S5f6HkMrei24ek/qVWn19mGl2j/yMu5O3n6it4V51n191SKToYvLf21d3Ywl/tzlt3uejouNlZuw==
  dependencies:
    checkok "^1.1.0"
    deepmerge "^3.0.0"
    fast-deep-equal "^2.0.1"
    immer "^1.10.0"
    lodash.get "^4.4.2"
    lodash.set "^4.3.2"
    util-is-array "^1.0.0"

gery@^1.1.2, gery@^1.1.3:
  version "1.1.3"
  resolved "https://registry.yarnpkg.com/gery/-/gery-1.1.3.tgz#34039b456fcf8cfe65bccc8197b4cc2f99ef7bf4"
  integrity sha512-lOPzdM0GUy+AWevR1oa0GWW+vZgoDtbKNdJ0tmc8+cMitOgb4X0med2DF6DQXLqU5LnB9450AZAvUaDCNtwzpA==
  dependencies:
    cross-fetch "^2.2.3"

gql-tag@^1.0.1:
  version "1.0.1"
  resolved "https://registry.yarnpkg.com/gql-tag/-/gql-tag-1.0.1.tgz#25294dc23986db5b950b81a8bc8debfb0acf6140"
  integrity sha512-eVxldTiOtJJ3ySNgYbfRwyIyDDMATJ/ykojlQng5ihX1V0Xpr4C7ZXSZuWo7tg+kf+GS8lzhlbZmKSDjbYGhyA==

has-flag@^3.0.0:
  version "3.0.0"
  resolved "https://registry.yarnpkg.com/has-flag/-/has-flag-3.0.0.tgz#b5d454dc2199ae225699f3467e5a07f3b955bafd"
  integrity sha1-tdRU3CGZriJWmfNGfloH87lVuv0=

iconv-lite@~0.4.13:
  version "0.4.24"
  resolved "https://registry.yarnpkg.com/iconv-lite/-/iconv-lite-0.4.24.tgz#2022b4b25fbddc21d2f524974a474aafe733908b"
  integrity sha512-v3MXnZAcvnywkTUEZomIActle7RXXeedOR31wwl7VlyoXO4Qi9arvSenNQWne1TcRwhCL1HwLI21bEqdpj8/rA==
  dependencies:
    safer-buffer ">= 2.1.2 < 3"

immer@^1.10.0, immer@^1.7.2:
  version "1.12.1"
  resolved "https://registry.yarnpkg.com/immer/-/immer-1.12.1.tgz#40c6e5b292c00560836c2993bda3a24379d466f5"
  integrity sha512-3fmKM6ovaqDt0CdC9daXpNi5x/YCYS3i4cwLdTVkhJdk5jrDXoPs7lCm3IqM3yhfSnz4tjjxbRG2CziQ7m8ztg==

is-stream@^1.0.1:
  version "1.1.0"
  resolved "https://registry.yarnpkg.com/is-stream/-/is-stream-1.1.0.tgz#12d4a3dd4e68e0b79ceb8dbc84173ae80d91ca44"
  integrity sha1-EtSj3U5o4Lec6428hBc66A2RykQ=

isomorphic-fetch@^2.1.1:
  version "2.2.1"
  resolved "https://registry.yarnpkg.com/isomorphic-fetch/-/isomorphic-fetch-2.2.1.tgz#611ae1acf14f5e81f729507472819fe9733558a9"
  integrity sha1-YRrhrPFPXoH3KVB0coGf6XM1WKk=
  dependencies:
    node-fetch "^1.0.1"
    whatwg-fetch ">=0.10.0"

"js-tokens@^3.0.0 || ^4.0.0":
  version "4.0.0"
  resolved "https://registry.yarnpkg.com/js-tokens/-/js-tokens-4.0.0.tgz#19203fb59991df98e3a287050d4647cdeaf32499"
  integrity sha512-RdJUflcE3cUzKiMqQgsCu06FPu9UdIJO0beYbPhHN4k6apgJtifcoCtT9bcxOpYBtpD2kCM6Sbzg4CausW/PKQ==

json5@^0.5.0:
  version "0.5.1"
  resolved "https://registry.yarnpkg.com/json5/-/json5-0.5.1.tgz#1eade7acc012034ad84e2396767ead9fa5495821"
  integrity sha1-Hq3nrMASA0rYTiOWdn6tn6VJWCE=

loader-utils@1.1.0:
  version "1.1.0"
  resolved "https://registry.yarnpkg.com/loader-utils/-/loader-utils-1.1.0.tgz#c98aef488bcceda2ffb5e2de646d6a754429f5cd"
  integrity sha1-yYrvSIvM7aL/teLeZG1qdUQp9c0=
  dependencies:
    big.js "^3.1.3"
    emojis-list "^2.0.0"
    json5 "^0.5.0"

lodash.get@^4.4.2:
  version "4.4.2"
  resolved "https://registry.yarnpkg.com/lodash.get/-/lodash.get-4.4.2.tgz#2d177f652fa31e939b4438d5341499dfa3825e99"
  integrity sha1-LRd/ZS+jHpObRDjVNBSZ36OCXpk=

lodash.set@^4.3.2:
  version "4.3.2"
  resolved "https://registry.yarnpkg.com/lodash.set/-/lodash.set-4.3.2.tgz#d8757b1da807dde24816b0d6a84bea1a76230b23"
  integrity sha1-2HV7HagH3eJIFrDWqEvqGnYjCyM=

lodash@^4.17.10, lodash@^4.17.4:
  version "4.17.11"
  resolved "https://registry.yarnpkg.com/lodash/-/lodash-4.17.11.tgz#b39ea6229ef607ecd89e2c8df12536891cac9b8d"
  integrity sha512-cQKh8igo5QUhZ7lg38DYWAxMvjSAKG0A8wGSVimP07SIUEK2UO+arSRKbRZWtelMtN5V0Hkwh5ryOto/SshYIg==

loose-envify@^1.0.0, loose-envify@^1.1.0, loose-envify@^1.3.1:
  version "1.4.0"
  resolved "https://registry.yarnpkg.com/loose-envify/-/loose-envify-1.4.0.tgz#71ee51fa7be4caec1a63839f7e682d8132d30caf"
  integrity sha512-lyuxPGr/Wfhrlem2CL/UcnUc1zcqKAImBDzukY7Y5F/yQiNdko6+fRLevlw1HgMySw7f611UIY408EtxRSoK3Q==
  dependencies:
    js-tokens "^3.0.0 || ^4.0.0"

memoize-one@^4.0.0:
  version "4.1.0"
  resolved "https://registry.yarnpkg.com/memoize-one/-/memoize-one-4.1.0.tgz#a2387c58c03fff27ca390c31b764a79addf3f906"
  integrity sha512-2GApq0yI/b22J2j9rhbrAlsHb0Qcz+7yWxeLG8h+95sl1XPUgeLimQSOdur4Vw7cUhrBHwaUZxWFZueojqNRzA==

node-fetch@2.1.2:
  version "2.1.2"
  resolved "https://registry.yarnpkg.com/node-fetch/-/node-fetch-2.1.2.tgz#ab884e8e7e57e38a944753cec706f788d1768bb5"
  integrity sha1-q4hOjn5X44qUR1POxwb3iNF2i7U=

node-fetch@2.3.0:
  version "2.3.0"
  resolved "https://registry.yarnpkg.com/node-fetch/-/node-fetch-2.3.0.tgz#1a1d940bbfb916a1d3e0219f037e89e71f8c5fa5"
  integrity sha512-MOd8pV3fxENbryESLgVIeaGKrdl+uaYhCSSVkjeOb/31/njTpcis5aWfdqgNlHIrKOLRbMnfPINPOML2CIFeXA==

node-fetch@^1.0.1:
  version "1.7.3"
  resolved "https://registry.yarnpkg.com/node-fetch/-/node-fetch-1.7.3.tgz#980f6f72d85211a5347c6b2bc18c5b84c3eb47ef"
  integrity sha512-NhZ4CsKx7cYm2vSrBAr2PvFOe6sWDf0UYLRqA6svUYg7+/TSfVAu49jYC4BvQ4Sms9SZgdqGBgroqfDhJdTyKQ==
  dependencies:
    encoding "^0.1.11"
    is-stream "^1.0.1"

object-assign@^4.1.0, object-assign@^4.1.1:
  version "4.1.1"
  resolved "https://registry.yarnpkg.com/object-assign/-/object-assign-4.1.1.tgz#2109adc7965887cfc05cbbd442cac8bfbb360863"
  integrity sha1-IQmtx5ZYh8/AXLvUQsrIv7s2CGM=

path-parser@^4.2.0:
  version "4.2.0"
  resolved "https://registry.yarnpkg.com/path-parser/-/path-parser-4.2.0.tgz#2fbb3df2d49659a9a4cac88be7d8d5f4666814fb"
  integrity sha512-MPPZiWTTp2I72VXmGQQfsn2ohrbd9QTbZSLYNS+HXsnQ37VbiLR/szO2R7DHaZA1V1scYxuxgyQerj+6kMTXtA==
  dependencies:
    search-params "2.1.3"

postcss-value-parser@^3.3.0:
  version "3.3.1"
  resolved "https://registry.yarnpkg.com/postcss-value-parser/-/postcss-value-parser-3.3.1.tgz#9ff822547e2893213cf1c30efa51ac5fd1ba8281"
  integrity sha512-pISE66AbVkp4fDQ7VHBwRNXzAAKJjw4Vw7nWI/+Q3vuly7SNfgYXvm6i5IgFylHGK5sP/xHAbB7N49OS4gWNyQ==

promise@^7.1.1:
  version "7.3.1"
  resolved "https://registry.yarnpkg.com/promise/-/promise-7.3.1.tgz#064b72602b18f90f29192b8b1bc418ffd1ebd3bf"
  integrity sha512-nolQXZ/4L+bP/UGlkfaIujX9BKxGwmQ9OT4mOt5yvy8iK1h3wqTEJCijzGANTCCl9nWjY41juyAn2K3Q1hLLTg==
  dependencies:
    asap "~2.0.3"

prop-types@^15.5.4, prop-types@^15.6.2:
  version "15.6.2"
  resolved "https://registry.yarnpkg.com/prop-types/-/prop-types-15.6.2.tgz#05d5ca77b4453e985d60fc7ff8c859094a497102"
  integrity sha512-3pboPvLiWD7dkI3qf3KbUe6hKFKa52w+AE0VCqECtf+QHAKgOL37tTaNCnuX1nAAQ4ZhyP+kYVKf8rLmJ/feDQ==
  dependencies:
    loose-envify "^1.3.1"
    object-assign "^4.1.1"

react-dom@^16.8.0-alpha.1:
  version "16.8.0-alpha.1"
  resolved "https://registry.yarnpkg.com/react-dom/-/react-dom-16.8.0-alpha.1.tgz#dab73b8354ba2e498e3127d18e29d4546cea889e"
  integrity sha512-tZCUM8BpnwUHJmLnUWP9c3vVZxnCqYotj7s4tx7umojG6BKv745KIBtuPTzt0EI0q50GMLEpmT/CPQ8iA61TwQ==
  dependencies:
    loose-envify "^1.1.0"
    object-assign "^4.1.1"
    prop-types "^15.6.2"
    scheduler "^0.13.0-alpha.1"

react-is@^16.6.0:
  version "16.7.0"
  resolved "https://registry.yarnpkg.com/react-is/-/react-is-16.7.0.tgz#c1bd21c64f1f1364c6f70695ec02d69392f41bfa"
  integrity sha512-Z0VRQdF4NPDoI0tsXVMLkJLiwEBa+RP66g0xDHxgxysxSoCUccSten4RTF/UFvZF1dZvZ9Zu1sx+MDXwcOR34g==

react@^16.8.0-alpha.1:
  version "16.8.0-alpha.1"
  resolved "https://registry.yarnpkg.com/react/-/react-16.8.0-alpha.1.tgz#c2b32689f3b466d3ce85a634dd9035f789d2cd97"
  integrity sha512-vLwwnhM2dXrCsiQmcSxF2UdZVV5xsiXjK5Yetmy8dVqngJhQ3aw3YJhZN/YmyonxwdimH40wVqFQfsl4gSu2RA==
  dependencies:
    loose-envify "^1.1.0"
    object-assign "^4.1.1"
    prop-types "^15.6.2"
    scheduler "^0.13.0-alpha.1"

regenerator-runtime@^0.11.0:
  version "0.11.1"
  resolved "https://registry.yarnpkg.com/regenerator-runtime/-/regenerator-runtime-0.11.1.tgz#be05ad7f9bf7d22e056f9726cee5017fbf19e2e9"
  integrity sha512-MguG95oij0fC3QV3URf4V2SDYGJhJnJGqvIIgdECeODCT98wSWDAJ94SSuVpYQUoTcGUIL6L4yNB7j1DFFHSBg==

request-hooks@^1.0.1, request-hooks@^1.2.0:
  version "1.2.0"
  resolved "https://registry.yarnpkg.com/request-hooks/-/request-hooks-1.2.0.tgz#e745e331ae898e7ee53b40a1c5a5caff0a215021"
  integrity sha512-y5EW9pfScyRYRVGlZ0CYYEC845jslyyzTAm6ME6rOpARJpe0QxtRGjWSPwA3WW91C2kSoLiY/OZIV6ZFo7cgrA==
  dependencies:
    cross-fetch "^3.0.0"
    gery "^1.1.2"
    request-hooks "^1.0.1"

"safer-buffer@>= 2.1.2 < 3":
  version "2.1.2"
  resolved "https://registry.yarnpkg.com/safer-buffer/-/safer-buffer-2.1.2.tgz#44fa161b0187b9549dd84bb91802f9bd8385cd6a"
  integrity sha512-YZo3K82SD7Riyi0E1EQPojLz7kpepnSQI9IyPbHHg1XXXevb5dJI7tpyN2ADxGcQbHG7vcyRHk0cbwqcQriUtg==

scheduler@^0.13.0-alpha.1:
  version "0.13.0-alpha.1"
  resolved "https://registry.yarnpkg.com/scheduler/-/scheduler-0.13.0-alpha.1.tgz#753977fb4fb35d8cdd559868a11e46b640955556"
  integrity sha512-W0sH0848sVuPKg+I18vTYQyzVtA4X1lrVgSeXK6KnOPUltFdJcY5nkbTkjGUeS/E0x+eBsNYfSdhJtGjT95njw==
  dependencies:
    loose-envify "^1.1.0"
    object-assign "^4.1.1"

search-params@2.1.3:
  version "2.1.3"
  resolved "https://registry.yarnpkg.com/search-params/-/search-params-2.1.3.tgz#90b98964eaf3d0edef0f73e6e8307d1480020413"
  integrity sha512-hHxU9ZGWpZ/lrFBIHndSnQae2in7ra+m+tBSoeAahSWDDgOgpZqs4bfaTZpljgNgAgTbjiQoJtZW6FKSsfEcDA==

setimmediate@^1.0.5:
  version "1.0.5"
  resolved "https://registry.yarnpkg.com/setimmediate/-/setimmediate-1.0.5.tgz#290cbb232e306942d7d7ea9b83732ab7856f8285"
  integrity sha1-KQy7Iy4waULX1+qbg3Mqt4VvgoU=

source-map@0.7.3:
  version "0.7.3"
  resolved "https://registry.yarnpkg.com/source-map/-/source-map-0.7.3.tgz#5302f8169031735226544092e64981f751750383"
  integrity sha512-CkCj6giN3S+n9qrYiBTX5gystlENnRW5jZeNLHpe6aue+SrHcG5VYwujhW9s4dY31mEGsxBDrHR6oI69fTXsaQ==

stamen@^1.7.0, stamen@^1.8.1:
  version "1.8.1"
  resolved "https://registry.yarnpkg.com/stamen/-/stamen-1.8.1.tgz#1f354eea0e6707db4d22ee1cfe53fbf41be0e73a"
  integrity sha512-qZQmgtVzicmvwloIEWNULzEH8oDCkuOiw5ak+yRTifpuLngzYSXq5lzadoaVCrTflw3FnTCpu7fAkEERLRARUQ==
  dependencies:
    fast-deep-equal "^2.0.1"
    gery "^1.1.2"
    immer "^1.7.2"
    stamen "^1.7.0"

string-hash@1.1.3:
  version "1.1.3"
  resolved "https://registry.yarnpkg.com/string-hash/-/string-hash-1.1.3.tgz#e8aafc0ac1855b4666929ed7dd1275df5d6c811b"
  integrity sha1-6Kr8CsGFW0Zmkp7X3RJ1311sgRs=

styled-components@^4.1.3:
  version "4.1.3"
  resolved "https://registry.yarnpkg.com/styled-components/-/styled-components-4.1.3.tgz#4472447208e618b57e84deaaeb6acd34a5e0fe9b"
  integrity sha512-0quV4KnSfvq5iMtT0RzpMGl/Dg3XIxIxOl9eJpiqiq4SrAmR1l1DLzNpMzoy3DyzdXVDMJS2HzROnXscWA3SEw==
  dependencies:
    "@babel/helper-module-imports" "^7.0.0"
    "@emotion/is-prop-valid" "^0.7.3"
    "@emotion/unitless" "^0.7.0"
    babel-plugin-styled-components ">= 1"
    css-to-react-native "^2.2.2"
    memoize-one "^4.0.0"
    prop-types "^15.5.4"
    react-is "^16.6.0"
    stylis "^3.5.0"
    stylis-rule-sheet "^0.0.10"
    supports-color "^5.5.0"

styled-jsx@^3.2.0:
  version "3.2.0"
  resolved "https://registry.yarnpkg.com/styled-jsx/-/styled-jsx-3.2.0.tgz#356f4e4d00b1e30dbb86da65340bcf6f283a0f73"
  integrity sha512-jaEzVuNYr8/1wDOyuhcF7XybpIC0iCKGggciI55DBR3E4ZTFhLZfqcBlhcmf85mr/ZOFEXiFV+A5Cs8Kbw56pw==
  dependencies:
    babel-plugin-syntax-jsx "6.18.0"
    babel-types "6.26.0"
    convert-source-map "1.5.1"
    loader-utils "1.1.0"
    source-map "0.7.3"
    string-hash "1.1.3"
    stylis "3.5.4"
    stylis-rule-sheet "0.0.10"

stylis-rule-sheet@0.0.10, stylis-rule-sheet@^0.0.10:
  version "0.0.10"
  resolved "https://registry.yarnpkg.com/stylis-rule-sheet/-/stylis-rule-sheet-0.0.10.tgz#44e64a2b076643f4b52e5ff71efc04d8c3c4a430"
  integrity sha512-nTbZoaqoBnmK+ptANthb10ZRZOGC+EmTLLUxeYIuHNkEKcmKgXX1XWKkUBT2Ac4es3NybooPe0SmvKdhKJZAuw==

stylis@3.5.4, stylis@^3.5.0:
  version "3.5.4"
  resolved "https://registry.yarnpkg.com/stylis/-/stylis-3.5.4.tgz#f665f25f5e299cf3d64654ab949a57c768b73fbe"
  integrity sha512-8/3pSmthWM7lsPBKv7NXkzn2Uc9W7NotcwGNpJaa3k7WMM1XDCA4MgT5k/8BIexd5ydZdboXtU90XH9Ec4Bv/Q==

supports-color@^5.5.0:
  version "5.5.0"
  resolved "https://registry.yarnpkg.com/supports-color/-/supports-color-5.5.0.tgz#e2e69a44ac8772f78a1ec0b35b689df6530efc8f"
  integrity sha512-QjVjwdXIt408MIiAqCX4oUKsgU2EqAGzs2Ppkm4aQYbjm+ZEWEcW4SfFNTr4uMNZma0ey4f5lgLrkB0aX0QMow==
  dependencies:
    has-flag "^3.0.0"

to-fast-properties@^1.0.3:
  version "1.0.3"
  resolved "https://registry.yarnpkg.com/to-fast-properties/-/to-fast-properties-1.0.3.tgz#b83571fa4d8c25b82e231b06e3a3055de4ca1a47"
  integrity sha1-uDVx+k2MJbguIxsG46MFXeTKGkc=

to-fast-properties@^2.0.0:
  version "2.0.0"
  resolved "https://registry.yarnpkg.com/to-fast-properties/-/to-fast-properties-2.0.0.tgz#dc5e698cbd079265bc73e0377681a4e4e83f616e"
  integrity sha1-3F5pjL0HkmW8c+A3doGk5Og/YW4=

typescript@^3.3.1:
  version "3.3.1"
  resolved "https://registry.yarnpkg.com/typescript/-/typescript-3.3.1.tgz#6de14e1db4b8a006ac535e482c8ba018c55f750b"
  integrity sha512-cTmIDFW7O0IHbn1DPYjkiebHxwtCMU+eTy30ZtJNBPF9j2O1ITu5XH2YnBeVRKWHqF+3JQwWJv0Q0aUgX8W7IA==

ua-parser-js@^0.7.18:
  version "0.7.19"
  resolved "https://registry.yarnpkg.com/ua-parser-js/-/ua-parser-js-0.7.19.tgz#94151be4c0a7fb1d001af7022fdaca4642659e4b"
  integrity sha512-T3PVJ6uz8i0HzPxOF9SWzWAlfN/DavlpQqepn22xgve/5QecC+XMCAtmUNnY7C9StehaV6exjUCI801lOI7QlQ==

util-is-array@^1.0.0:
  version "1.0.0"
  resolved "https://registry.yarnpkg.com/util-is-array/-/util-is-array-1.0.0.tgz#fd9d8a0d9f960d27ad86874065a1d5733a718ddd"
  integrity sha512-aRWz8PA0+AXCs7irBV64Jy+EmZrf3cyqldyPFvASz2SnfPWB6eePyP+b/atKYp3B/4gJ0k2xOARtb5LcVHj4Tg==

util-is-email@^1.0.0:
  version "1.0.0"
  resolved "https://registry.yarnpkg.com/util-is-email/-/util-is-email-1.0.0.tgz#f87bfcdb90bb9aa89dc7b536ef2d45355a856fb0"
  integrity sha512-B0LA2V+kDd8uoz9RkWDphlxvs/7f+KAAA/yR4u4WkODjEiX5HiS3UVtgpqeq+bhjAu5KdwLccQrp0w8tmg17YA==

util-is-number@^1.0.0:
  version "1.0.0"
  resolved "https://registry.yarnpkg.com/util-is-number/-/util-is-number-1.0.0.tgz#2839f3d907aff039ec540cf188ec3ab4f8b73c1d"
  integrity sha512-JGX8cJlSKIoGmqkqUgRYQUECUTxm01tkVrs3SYRX76EQtcZgFRx2ooZ8qy++ja/Tn3C8iVNjPQPckrnxdxDCBg==

util-is-string@^1.0.0:
  version "1.0.0"
  resolved "https://registry.yarnpkg.com/util-is-string/-/util-is-string-1.0.0.tgz#d42fb597e55c63f38591c8ae6cbdf03691aadb87"
  integrity sha512-qhEgHN6VN9KP/zKNiUAwfD7WGcz2lOcTuNphS6s/GHyyUe/bIw55aiaI7npCmj2qP1NkKqRK/WJFtiFBi7wxPg==

util-is-url@^1.0.1:
  version "1.0.1"
  resolved "https://registry.yarnpkg.com/util-is-url/-/util-is-url-1.0.1.tgz#b42eb6114628c249cf28f68ef053f894c717a014"
  integrity sha512-pHFzv1QnHytI831SLmcHxMssIyhqvfvzLu8Lbbfa0l+EitZZ43xeTCWyoUwGoo3skprW1t28MyRARDc2NvhtVQ==

util-result@^1.0.0:
  version "1.0.0"
  resolved "https://registry.yarnpkg.com/util-result/-/util-result-1.0.0.tgz#e0886f7faaa34a14f5e89e6d7268e8a3999c7b11"
  integrity sha512-E63f+HNinAyB4SnAPF5WAgyw4x8K62dmWkT7lv9vuACx3KZUBSKMcqVlFaHUj6jXMexGrB0ICwzVaIASnCzl/Q==

whatwg-fetch@2.0.4:
  version "2.0.4"
  resolved "https://registry.yarnpkg.com/whatwg-fetch/-/whatwg-fetch-2.0.4.tgz#dde6a5df315f9d39991aa17621853d720b85566f"
  integrity sha512-dcQ1GWpOD/eEQ97k66aiEVpNnapVj90/+R+SXTPYGHpYBBypfKJEQjLrvMZ7YXbKm21gXd4NcuxUTjiv1YtLng==

whatwg-fetch@3.0.0, whatwg-fetch@>=0.10.0:
  version "3.0.0"
  resolved "https://registry.yarnpkg.com/whatwg-fetch/-/whatwg-fetch-3.0.0.tgz#fc804e458cc460009b1a2b966bc8817d2578aefb"
  integrity sha512-9GSJUgz1D4MfyKU7KRqwOjXCXTqWdFNvEr7eUBYchQiVc744mqK/MzXPNR2WsPkmkOa4ywfg8C2n8h+13Bey1Q==
